
Microsoft Visual Studio Solution File, Format Version 12.00
# Visual Studio Version 16
VisualStudioVersion = 16.0.30503.244
MinimumVisualStudioVersion = 10.0.40219.1
Project("{FAE04EC0-301F-11D3-BF4B-00C04F79EFBC}") = "Assignment2-N01120545", "Assignment2-N01120545\Assignment2-N01120545.csproj", "{433F40A6-6DC7-4A69-BBD7-8953271FCFFE}"
EndProject
Global
	GlobalSection(SolutionConfigurationPlatforms) = preSolution
		Debug|Any CPU = Debug|Any CPU
		Release|Any CPU = Release|Any CPU
	EndGlobalSection
	GlobalSection(ProjectConfigurationPlatforms) = postSolution
		{433F40A6-6DC7-4A69-BBD7-8953271FCFFE}.Debug|Any CPU.ActiveCfg = Debug|Any CPU
		{433F40A6-6DC7-4A69-BBD7-8953271FCFFE}.Debug|Any CPU.Build.0 = Debug|Any CPU
		{433F40A6-6DC7-4A69-BBD7-8953271FCFFE}.Release|Any CPU.ActiveCfg = Release|Any CPU
		{433F40A6-6DC7-4A69-BBD7-8953271FCFFE}.Release|Any CPU.Build.0 = Release|Any CPU
	EndGlobalSection
	GlobalSection(SolutionProperties) = preSolution
		HideSolutionNode = FALSE
	EndGlobalSection
	GlobalSection(ExtensibilityGlobals) = postSolution
		SolutionGuid = {5BF99A62-848F-4388-B6AC-F59089131620}
	EndGlobalSection
EndGlobal
